
Microsoft Visual Studio Solution File, Format Version 12.00
# Visual Studio 14
VisualStudioVersion = 14.0.25123.0
MinimumVisualStudioVersion = 10.0.40219.1
Project("{2150E333-8FDC-42A3-9474-1A3956D46DE8}") = "Algorithmic Toolbox", "Algorithmic Toolbox", "{8E284C18-A9E5-4FBD-86E5-D6F3E302B6FC}"
EndProject
Project("{FAE04EC0-301F-11D3-BF4B-00C04F79EFBC}") = "Week1_APlusB", "Week1_APlusB\Week1_APlusB.csproj", "{31257ACF-A87B-4B3A-AC20-149641768659}"
EndProject
Project("{FAE04EC0-301F-11D3-BF4B-00C04F79EFBC}") = "Week1_MaximumPairwiseProduct", "Week1_MaximumPairwiseProduct\Week1_MaximumPairwiseProduct.csproj", "{18542191-EEC1-42A6-8113-107F8D183D46}"
EndProject
Project("{FAE04EC0-301F-11D3-BF4B-00C04F79EFBC}") = "LauncherTemplate", "LauncherTemplate\LauncherTemplate.csproj", "{C9FD7592-EC7F-4B7D-BCF7-B5B7BC227B99}"
EndProject
Project("{2150E333-8FDC-42A3-9474-1A3956D46DE8}") = "Week1", "Week1", "{50910AE0-D2F3-4595-811D-85BCB1B40821}"
EndProject
Project("{2150E333-8FDC-42A3-9474-1A3956D46DE8}") = "Week2", "Week2", "{C0A1C2C0-A4F8-49AB-93EE-EC1D3C345701}"
EndProject
Project("{FAE04EC0-301F-11D3-BF4B-00C04F79EFBC}") = "Fibonacci", "Fibonacci\Fibonacci.csproj", "{08707069-F027-4B0F-A23E-1EA96DE35CE6}"
EndProject
Project("{FAE04EC0-301F-11D3-BF4B-00C04F79EFBC}") = "FibonacciLastDigit", "FibonacciLastDigit\FibonacciLastDigit.csproj", "{0B63F72B-8F30-434E-817C-63FC8887D20B}"
EndProject
Project("{FAE04EC0-301F-11D3-BF4B-00C04F79EFBC}") = "GreatestCommonDivisor", "GreatestCommonDivisor\GreatestCommonDivisor.csproj", "{41E78C82-CC2B-4F08-8EDE-288EE9EF0D1A}"
EndProject
Project("{FAE04EC0-301F-11D3-BF4B-00C04F79EFBC}") = "LeastCommonMultiple", "LeastCommonMultiple\LeastCommonMultiple.csproj", "{02373302-0EFB-4AAB-B1AC-4D70CB2D70F2}"
EndProject
Project("{FAE04EC0-301F-11D3-BF4B-00C04F79EFBC}") = "FibonacciMod", "FibonacciMod\FibonacciMod.csproj", "{1D0BFF3B-07E5-47FC-8213-858FAC1CD93E}"
EndProject
Project("{2150E333-8FDC-42A3-9474-1A3956D46DE8}") = "Week3", "Week3", "{1A40F0D3-9721-4974-B577-ABE6FB49C8F3}"
EndProject
Project("{FAE04EC0-301F-11D3-BF4B-00C04F79EFBC}") = "ChangingMoney", "ChangingMoney\ChangingMoney.csproj", "{30108B46-1939-4297-A0B2-5DBE3C53F3E6}"
EndProject
Project("{FAE04EC0-301F-11D3-BF4B-00C04F79EFBC}") = "FractionalKnapsack", "FractionalKnapsack\FractionalKnapsack.csproj", "{229293CC-02F2-40CB-941A-51D8051691D3}"
EndProject
Project("{FAE04EC0-301F-11D3-BF4B-00C04F79EFBC}") = "MinDotProd", "MinDotProd\MinDotProd.csproj", "{B2D6B357-A5FB-468E-B7F7-5577CD6937B5}"
EndProject
Project("{2150E333-8FDC-42A3-9474-1A3956D46DE8}") = "Week4", "Week4", "{24AA4729-38BA-466E-A6FE-04F26134C836}"
EndProject
Project("{FAE04EC0-301F-11D3-BF4B-00C04F79EFBC}") = "BinarySearch", "BinarySearch\BinarySearch.csproj", "{FAEB9832-3E23-40CB-AFE3-427CCF49F0D7}"
EndProject
Project("{FAE04EC0-301F-11D3-BF4B-00C04F79EFBC}") = "MajorityElement", "MajorityElement\MajorityElement.csproj", "{D7C93F1E-8FED-40C7-A9F1-28DD17AB1F48}"
EndProject
Project("{FAE04EC0-301F-11D3-BF4B-00C04F79EFBC}") = "MergeSort", "MergeSort\MergeSort.csproj", "{6E5E03E1-4DD0-4CC0-BEC3-832616A5559F}"
EndProject
Global
	GlobalSection(SolutionConfigurationPlatforms) = preSolution
		Debug|Any CPU = Debug|Any CPU
		Debug|x64 = Debug|x64
		Release|Any CPU = Release|Any CPU
		Release|x64 = Release|x64
	EndGlobalSection
	GlobalSection(ProjectConfigurationPlatforms) = postSolution
		{31257ACF-A87B-4B3A-AC20-149641768659}.Debug|Any CPU.ActiveCfg = Debug|Any CPU
		{31257ACF-A87B-4B3A-AC20-149641768659}.Debug|Any CPU.Build.0 = Debug|Any CPU
		{31257ACF-A87B-4B3A-AC20-149641768659}.Debug|x64.ActiveCfg = Debug|x64
		{31257ACF-A87B-4B3A-AC20-149641768659}.Debug|x64.Build.0 = Debug|x64
		{31257ACF-A87B-4B3A-AC20-149641768659}.Release|Any CPU.ActiveCfg = Release|Any CPU
		{31257ACF-A87B-4B3A-AC20-149641768659}.Release|Any CPU.Build.0 = Release|Any CPU
		{31257ACF-A87B-4B3A-AC20-149641768659}.Release|x64.ActiveCfg = Release|x64
		{31257ACF-A87B-4B3A-AC20-149641768659}.Release|x64.Build.0 = Release|x64
		{18542191-EEC1-42A6-8113-107F8D183D46}.Debug|Any CPU.ActiveCfg = Debug|Any CPU
		{18542191-EEC1-42A6-8113-107F8D183D46}.Debug|Any CPU.Build.0 = Debug|Any CPU
		{18542191-EEC1-42A6-8113-107F8D183D46}.Debug|x64.ActiveCfg = Debug|x64
		{18542191-EEC1-42A6-8113-107F8D183D46}.Debug|x64.Build.0 = Debug|x64
		{18542191-EEC1-42A6-8113-107F8D183D46}.Release|Any CPU.ActiveCfg = Release|Any CPU
		{18542191-EEC1-42A6-8113-107F8D183D46}.Release|Any CPU.Build.0 = Release|Any CPU
		{18542191-EEC1-42A6-8113-107F8D183D46}.Release|x64.ActiveCfg = Release|x64
		{18542191-EEC1-42A6-8113-107F8D183D46}.Release|x64.Build.0 = Release|x64
		{C9FD7592-EC7F-4B7D-BCF7-B5B7BC227B99}.Debug|Any CPU.ActiveCfg = Debug|Any CPU
		{C9FD7592-EC7F-4B7D-BCF7-B5B7BC227B99}.Debug|Any CPU.Build.0 = Debug|Any CPU
		{C9FD7592-EC7F-4B7D-BCF7-B5B7BC227B99}.Debug|x64.ActiveCfg = Debug|x64
		{C9FD7592-EC7F-4B7D-BCF7-B5B7BC227B99}.Debug|x64.Build.0 = Debug|x64
		{C9FD7592-EC7F-4B7D-BCF7-B5B7BC227B99}.Release|Any CPU.ActiveCfg = Release|Any CPU
		{C9FD7592-EC7F-4B7D-BCF7-B5B7BC227B99}.Release|Any CPU.Build.0 = Release|Any CPU
		{C9FD7592-EC7F-4B7D-BCF7-B5B7BC227B99}.Release|x64.ActiveCfg = Release|x64
		{C9FD7592-EC7F-4B7D-BCF7-B5B7BC227B99}.Release|x64.Build.0 = Release|x64
		{08707069-F027-4B0F-A23E-1EA96DE35CE6}.Debug|Any CPU.ActiveCfg = Debug|Any CPU
		{08707069-F027-4B0F-A23E-1EA96DE35CE6}.Debug|Any CPU.Build.0 = Debug|Any CPU
		{08707069-F027-4B0F-A23E-1EA96DE35CE6}.Debug|x64.ActiveCfg = Debug|x64
		{08707069-F027-4B0F-A23E-1EA96DE35CE6}.Debug|x64.Build.0 = Debug|x64
		{08707069-F027-4B0F-A23E-1EA96DE35CE6}.Release|Any CPU.ActiveCfg = Release|Any CPU
		{08707069-F027-4B0F-A23E-1EA96DE35CE6}.Release|Any CPU.Build.0 = Release|Any CPU
		{08707069-F027-4B0F-A23E-1EA96DE35CE6}.Release|x64.ActiveCfg = Release|x64
		{08707069-F027-4B0F-A23E-1EA96DE35CE6}.Release|x64.Build.0 = Release|x64
		{0B63F72B-8F30-434E-817C-63FC8887D20B}.Debug|Any CPU.ActiveCfg = Debug|Any CPU
		{0B63F72B-8F30-434E-817C-63FC8887D20B}.Debug|Any CPU.Build.0 = Debug|Any CPU
		{0B63F72B-8F30-434E-817C-63FC8887D20B}.Debug|x64.ActiveCfg = Debug|x64
		{0B63F72B-8F30-434E-817C-63FC8887D20B}.Debug|x64.Build.0 = Debug|x64
		{0B63F72B-8F30-434E-817C-63FC8887D20B}.Release|Any CPU.ActiveCfg = Release|Any CPU
		{0B63F72B-8F30-434E-817C-63FC8887D20B}.Release|Any CPU.Build.0 = Release|Any CPU
		{0B63F72B-8F30-434E-817C-63FC8887D20B}.Release|x64.ActiveCfg = Release|x64
		{0B63F72B-8F30-434E-817C-63FC8887D20B}.Release|x64.Build.0 = Release|x64
		{41E78C82-CC2B-4F08-8EDE-288EE9EF0D1A}.Debug|Any CPU.ActiveCfg = Debug|Any CPU
		{41E78C82-CC2B-4F08-8EDE-288EE9EF0D1A}.Debug|Any CPU.Build.0 = Debug|Any CPU
		{41E78C82-CC2B-4F08-8EDE-288EE9EF0D1A}.Debug|x64.ActiveCfg = Debug|x64
		{41E78C82-CC2B-4F08-8EDE-288EE9EF0D1A}.Debug|x64.Build.0 = Debug|x64
		{41E78C82-CC2B-4F08-8EDE-288EE9EF0D1A}.Release|Any CPU.ActiveCfg = Release|Any CPU
		{41E78C82-CC2B-4F08-8EDE-288EE9EF0D1A}.Release|Any CPU.Build.0 = Release|Any CPU
		{41E78C82-CC2B-4F08-8EDE-288EE9EF0D1A}.Release|x64.ActiveCfg = Release|x64
		{41E78C82-CC2B-4F08-8EDE-288EE9EF0D1A}.Release|x64.Build.0 = Release|x64
		{02373302-0EFB-4AAB-B1AC-4D70CB2D70F2}.Debug|Any CPU.ActiveCfg = Debug|Any CPU
		{02373302-0EFB-4AAB-B1AC-4D70CB2D70F2}.Debug|Any CPU.Build.0 = Debug|Any CPU
		{02373302-0EFB-4AAB-B1AC-4D70CB2D70F2}.Debug|x64.ActiveCfg = Debug|x64
		{02373302-0EFB-4AAB-B1AC-4D70CB2D70F2}.Debug|x64.Build.0 = Debug|x64
		{02373302-0EFB-4AAB-B1AC-4D70CB2D70F2}.Release|Any CPU.ActiveCfg = Release|Any CPU
		{02373302-0EFB-4AAB-B1AC-4D70CB2D70F2}.Release|Any CPU.Build.0 = Release|Any CPU
		{02373302-0EFB-4AAB-B1AC-4D70CB2D70F2}.Release|x64.ActiveCfg = Release|x64
		{02373302-0EFB-4AAB-B1AC-4D70CB2D70F2}.Release|x64.Build.0 = Release|x64
		{1D0BFF3B-07E5-47FC-8213-858FAC1CD93E}.Debug|Any CPU.ActiveCfg = Debug|Any CPU
		{1D0BFF3B-07E5-47FC-8213-858FAC1CD93E}.Debug|Any CPU.Build.0 = Debug|Any CPU
		{1D0BFF3B-07E5-47FC-8213-858FAC1CD93E}.Debug|x64.ActiveCfg = Debug|x64
		{1D0BFF3B-07E5-47FC-8213-858FAC1CD93E}.Debug|x64.Build.0 = Debug|x64
		{1D0BFF3B-07E5-47FC-8213-858FAC1CD93E}.Release|Any CPU.ActiveCfg = Release|Any CPU
		{1D0BFF3B-07E5-47FC-8213-858FAC1CD93E}.Release|Any CPU.Build.0 = Release|Any CPU
		{1D0BFF3B-07E5-47FC-8213-858FAC1CD93E}.Release|x64.ActiveCfg = Release|x64
		{1D0BFF3B-07E5-47FC-8213-858FAC1CD93E}.Release|x64.Build.0 = Release|x64
		{30108B46-1939-4297-A0B2-5DBE3C53F3E6}.Debug|Any CPU.ActiveCfg = Debug|Any CPU
		{30108B46-1939-4297-A0B2-5DBE3C53F3E6}.Debug|Any CPU.Build.0 = Debug|Any CPU
		{30108B46-1939-4297-A0B2-5DBE3C53F3E6}.Debug|x64.ActiveCfg = Debug|x64
		{30108B46-1939-4297-A0B2-5DBE3C53F3E6}.Debug|x64.Build.0 = Debug|x64
		{30108B46-1939-4297-A0B2-5DBE3C53F3E6}.Release|Any CPU.ActiveCfg = Release|Any CPU
		{30108B46-1939-4297-A0B2-5DBE3C53F3E6}.Release|Any CPU.Build.0 = Release|Any CPU
		{30108B46-1939-4297-A0B2-5DBE3C53F3E6}.Release|x64.ActiveCfg = Release|x64
		{30108B46-1939-4297-A0B2-5DBE3C53F3E6}.Release|x64.Build.0 = Release|x64
		{229293CC-02F2-40CB-941A-51D8051691D3}.Debug|Any CPU.ActiveCfg = Debug|Any CPU
		{229293CC-02F2-40CB-941A-51D8051691D3}.Debug|Any CPU.Build.0 = Debug|Any CPU
		{229293CC-02F2-40CB-941A-51D8051691D3}.Debug|x64.ActiveCfg = Debug|x64
		{229293CC-02F2-40CB-941A-51D8051691D3}.Debug|x64.Build.0 = Debug|x64
		{229293CC-02F2-40CB-941A-51D8051691D3}.Release|Any CPU.ActiveCfg = Release|Any CPU
		{229293CC-02F2-40CB-941A-51D8051691D3}.Release|Any CPU.Build.0 = Release|Any CPU
		{229293CC-02F2-40CB-941A-51D8051691D3}.Release|x64.ActiveCfg = Release|x64
		{229293CC-02F2-40CB-941A-51D8051691D3}.Release|x64.Build.0 = Release|x64
		{B2D6B357-A5FB-468E-B7F7-5577CD6937B5}.Debug|Any CPU.ActiveCfg = Debug|Any CPU
		{B2D6B357-A5FB-468E-B7F7-5577CD6937B5}.Debug|Any CPU.Build.0 = Debug|Any CPU
		{B2D6B357-A5FB-468E-B7F7-5577CD6937B5}.Debug|x64.ActiveCfg = Debug|x64
		{B2D6B357-A5FB-468E-B7F7-5577CD6937B5}.Debug|x64.Build.0 = Debug|x64
		{B2D6B357-A5FB-468E-B7F7-5577CD6937B5}.Release|Any CPU.ActiveCfg = Release|Any CPU
		{B2D6B357-A5FB-468E-B7F7-5577CD6937B5}.Release|Any CPU.Build.0 = Release|Any CPU
		{B2D6B357-A5FB-468E-B7F7-5577CD6937B5}.Release|x64.ActiveCfg = Release|x64
		{B2D6B357-A5FB-468E-B7F7-5577CD6937B5}.Release|x64.Build.0 = Release|x64
		{FAEB9832-3E23-40CB-AFE3-427CCF49F0D7}.Debug|Any CPU.ActiveCfg = Debug|Any CPU
		{FAEB9832-3E23-40CB-AFE3-427CCF49F0D7}.Debug|Any CPU.Build.0 = Debug|Any CPU
		{FAEB9832-3E23-40CB-AFE3-427CCF49F0D7}.Debug|x64.ActiveCfg = Debug|x64
		{FAEB9832-3E23-40CB-AFE3-427CCF49F0D7}.Debug|x64.Build.0 = Debug|x64
		{FAEB9832-3E23-40CB-AFE3-427CCF49F0D7}.Release|Any CPU.ActiveCfg = Release|Any CPU
		{FAEB9832-3E23-40CB-AFE3-427CCF49F0D7}.Release|Any CPU.Build.0 = Release|Any CPU
		{FAEB9832-3E23-40CB-AFE3-427CCF49F0D7}.Release|x64.ActiveCfg = Release|x64
		{FAEB9832-3E23-40CB-AFE3-427CCF49F0D7}.Release|x64.Build.0 = Release|x64
		{D7C93F1E-8FED-40C7-A9F1-28DD17AB1F48}.Debug|Any CPU.ActiveCfg = Debug|Any CPU
		{D7C93F1E-8FED-40C7-A9F1-28DD17AB1F48}.Debug|Any CPU.Build.0 = Debug|Any CPU
		{D7C93F1E-8FED-40C7-A9F1-28DD17AB1F48}.Debug|x64.ActiveCfg = Debug|x64
		{D7C93F1E-8FED-40C7-A9F1-28DD17AB1F48}.Debug|x64.Build.0 = Debug|x64
		{D7C93F1E-8FED-40C7-A9F1-28DD17AB1F48}.Release|Any CPU.ActiveCfg = Release|Any CPU
		{D7C93F1E-8FED-40C7-A9F1-28DD17AB1F48}.Release|Any CPU.Build.0 = Release|Any CPU
		{D7C93F1E-8FED-40C7-A9F1-28DD17AB1F48}.Release|x64.ActiveCfg = Release|x64
		{D7C93F1E-8FED-40C7-A9F1-28DD17AB1F48}.Release|x64.Build.0 = Release|x64
		{6E5E03E1-4DD0-4CC0-BEC3-832616A5559F}.Debug|Any CPU.ActiveCfg = Debug|Any CPU
		{6E5E03E1-4DD0-4CC0-BEC3-832616A5559F}.Debug|Any CPU.Build.0 = Debug|Any CPU
		{6E5E03E1-4DD0-4CC0-BEC3-832616A5559F}.Debug|x64.ActiveCfg = Debug|x64
		{6E5E03E1-4DD0-4CC0-BEC3-832616A5559F}.Debug|x64.Build.0 = Debug|x64
		{6E5E03E1-4DD0-4CC0-BEC3-832616A5559F}.Release|Any CPU.ActiveCfg = Release|Any CPU
		{6E5E03E1-4DD0-4CC0-BEC3-832616A5559F}.Release|Any CPU.Build.0 = Release|Any CPU
		{6E5E03E1-4DD0-4CC0-BEC3-832616A5559F}.Release|x64.ActiveCfg = Release|x64
		{6E5E03E1-4DD0-4CC0-BEC3-832616A5559F}.Release|x64.Build.0 = Release|x64
	EndGlobalSection
	GlobalSection(SolutionProperties) = preSolution
		HideSolutionNode = FALSE
	EndGlobalSection
	GlobalSection(NestedProjects) = preSolution
		{31257ACF-A87B-4B3A-AC20-149641768659} = {50910AE0-D2F3-4595-811D-85BCB1B40821}
		{18542191-EEC1-42A6-8113-107F8D183D46} = {50910AE0-D2F3-4595-811D-85BCB1B40821}
		{C9FD7592-EC7F-4B7D-BCF7-B5B7BC227B99} = {8E284C18-A9E5-4FBD-86E5-D6F3E302B6FC}
		{50910AE0-D2F3-4595-811D-85BCB1B40821} = {8E284C18-A9E5-4FBD-86E5-D6F3E302B6FC}
		{C0A1C2C0-A4F8-49AB-93EE-EC1D3C345701} = {8E284C18-A9E5-4FBD-86E5-D6F3E302B6FC}
		{08707069-F027-4B0F-A23E-1EA96DE35CE6} = {C0A1C2C0-A4F8-49AB-93EE-EC1D3C345701}
		{0B63F72B-8F30-434E-817C-63FC8887D20B} = {C0A1C2C0-A4F8-49AB-93EE-EC1D3C345701}
		{41E78C82-CC2B-4F08-8EDE-288EE9EF0D1A} = {C0A1C2C0-A4F8-49AB-93EE-EC1D3C345701}
		{02373302-0EFB-4AAB-B1AC-4D70CB2D70F2} = {C0A1C2C0-A4F8-49AB-93EE-EC1D3C345701}
		{1D0BFF3B-07E5-47FC-8213-858FAC1CD93E} = {C0A1C2C0-A4F8-49AB-93EE-EC1D3C345701}
		{1A40F0D3-9721-4974-B577-ABE6FB49C8F3} = {8E284C18-A9E5-4FBD-86E5-D6F3E302B6FC}
		{30108B46-1939-4297-A0B2-5DBE3C53F3E6} = {1A40F0D3-9721-4974-B577-ABE6FB49C8F3}
		{229293CC-02F2-40CB-941A-51D8051691D3} = {1A40F0D3-9721-4974-B577-ABE6FB49C8F3}
		{B2D6B357-A5FB-468E-B7F7-5577CD6937B5} = {1A40F0D3-9721-4974-B577-ABE6FB49C8F3}
		{24AA4729-38BA-466E-A6FE-04F26134C836} = {8E284C18-A9E5-4FBD-86E5-D6F3E302B6FC}
		{FAEB9832-3E23-40CB-AFE3-427CCF49F0D7} = {24AA4729-38BA-466E-A6FE-04F26134C836}
		{D7C93F1E-8FED-40C7-A9F1-28DD17AB1F48} = {24AA4729-38BA-466E-A6FE-04F26134C836}
		{6E5E03E1-4DD0-4CC0-BEC3-832616A5559F} = {24AA4729-38BA-466E-A6FE-04F26134C836}
	EndGlobalSection
EndGlobal
